
Microsoft Visual Studio Solution File, Format Version 12.00
# Visual Studio Version 16
VisualStudioVersion = 16.0.29613.14
MinimumVisualStudioVersion = 10.0.40219.1
Project("{FAE04EC0-301F-11D3-BF4B-00C04F79EFBC}") = "MVCWebApplication", "MVCWebApplication\MVCWebApplication.csproj", "{997D436E-EB33-4A92-A389-4D6A1F33F402}"
EndProject
Global
	GlobalSection(SolutionConfigurationPlatforms) = preSolution
		Debug|Any CPU = Debug|Any CPU
		Release|Any CPU = Release|Any CPU
	EndGlobalSection
	GlobalSection(ProjectConfigurationPlatforms) = postSolution
		{997D436E-EB33-4A92-A389-4D6A1F33F402}.Debug|Any CPU.ActiveCfg = Debug|Any CPU
		{997D436E-EB33-4A92-A389-4D6A1F33F402}.Debug|Any CPU.Build.0 = Debug|Any CPU
		{997D436E-EB33-4A92-A389-4D6A1F33F402}.Release|Any CPU.ActiveCfg = Release|Any CPU
		{997D436E-EB33-4A92-A389-4D6A1F33F402}.Release|Any CPU.Build.0 = Release|Any CPU
	EndGlobalSection
	GlobalSection(SolutionProperties) = preSolution
		HideSolutionNode = FALSE
	EndGlobalSection
	GlobalSection(ExtensibilityGlobals) = postSolution
		SolutionGuid = {873DB9D7-412C-4BEE-8912-E05A202129BB}
	EndGlobalSection
EndGlobal
